// !$*UTF8*$!
{
	archiveVersion = 1;
	classes = {
	};
	objectVersion = 46;
	objects = {

/* Begin PBXBuildFile section */
		4F3B50591DB51080004EF6BB /* FruitsTableViewController.swift in Sources */ = {isa = PBXBuildFile; fileRef = 4F3B50581DB51080004EF6BB /* FruitsTableViewController.swift */; };
		4F3B505B1DB529E0004EF6BB /* MoviesViewController.swift in Sources */ = {isa = PBXBuildFile; fileRef = 4F3B505A1DB529E0004EF6BB /* MoviesViewController.swift */; };
		4F3B505E1DB53AEF004EF6BB /* MovieCell.swift in Sources */ = {isa = PBXBuildFile; fileRef = 4F3B505D1DB53AEF004EF6BB /* MovieCell.swift */; };
		4FB6D5061DAF486000443C3D /* AppDelegate.swift in Sources */ = {isa = PBXBuildFile; fileRef = 4FB6D5051DAF486000443C3D /* AppDelegate.swift */; };
		4FB6D50B1DAF486000443C3D /* Main.storyboard in Resources */ = {isa = PBXBuildFile; fileRef = 4FB6D5091DAF486000443C3D /* Main.storyboard */; };
		4FB6D50D1DAF486000443C3D /* Assets.xcassets in Resources */ = {isa = PBXBuildFile; fileRef = 4FB6D50C1DAF486000443C3D /* Assets.xcassets */; };
		4FB6D5101DAF486000443C3D /* LaunchScreen.storyboard in Resources */ = {isa = PBXBuildFile; fileRef = 4FB6D50E1DAF486000443C3D /* LaunchScreen.storyboard */; };
		94678BA84A74D638ED764B7A /* Pods_MovieViewer.framework in Frameworks */ = {isa = PBXBuildFile; fileRef = 21288D04DFEA1CCBBFE7C2E9 /* Pods_MovieViewer.framework */; };
/* End PBXBuildFile section */

/* Begin PBXFileReference section */
		21288D04DFEA1CCBBFE7C2E9 /* Pods_MovieViewer.framework */ = {isa = PBXFileReference; explicitFileType = wrapper.framework; includeInIndex = 0; path = Pods_MovieViewer.framework; sourceTree = BUILT_PRODUCTS_DIR; };
		4F3B50581DB51080004EF6BB /* FruitsTableViewController.swift */ = {isa = PBXFileReference; fileEncoding = 4; lastKnownFileType = sourcecode.swift; path = FruitsTableViewController.swift; sourceTree = "<group>"; };
		4F3B505A1DB529E0004EF6BB /* MoviesViewController.swift */ = {isa = PBXFileReference; fileEncoding = 4; lastKnownFileType = sourcecode.swift; path = MoviesViewController.swift; sourceTree = "<group>"; };
		4F3B505D1DB53AEF004EF6BB /* MovieCell.swift */ = {isa = PBXFileReference; fileEncoding = 4; lastKnownFileType = sourcecode.swift; path = MovieCell.swift; sourceTree = "<group>"; };
		4FB6D5021DAF486000443C3D /* MovieViewer.app */ = {isa = PBXFileReference; explicitFileType = wrapper.application; includeInIndex = 0; path = MovieViewer.app; sourceTree = BUILT_PRODUCTS_DIR; };
		4FB6D5051DAF486000443C3D /* AppDelegate.swift */ = {isa = PBXFileReference; lastKnownFileType = sourcecode.swift; path = AppDelegate.swift; sourceTree = "<group>"; };
		4FB6D50A1DAF486000443C3D /* Base */ = {isa = PBXFileReference; lastKnownFileType = file.storyboard; name = Base; path = Base.lproj/Main.storyboard; sourceTree = "<group>"; };
		4FB6D50C1DAF486000443C3D /* Assets.xcassets */ = {isa = PBXFileReference; lastKnownFileType = folder.assetcatalog; path = Assets.xcassets; sourceTree = "<group>"; };
		4FB6D50F1DAF486000443C3D /* Base */ = {isa = PBXFileReference; lastKnownFileType = file.storyboard; name = Base; path = Base.lproj/LaunchScreen.storyboard; sourceTree = "<group>"; };
		4FB6D5111DAF486000443C3D /* Info.plist */ = {isa = PBXFileReference; lastKnownFileType = text.plist.xml; path = Info.plist; sourceTree = "<group>"; };
		B6CC1E63F281B53FCA77EE09 /* Pods-MovieViewer.debug.xcconfig */ = {isa = PBXFileReference; includeInIndex = 1; lastKnownFileType = text.xcconfig; name = "Pods-MovieViewer.debug.xcconfig"; path = "Pods/Target Support Files/Pods-MovieViewer/Pods-MovieViewer.debug.xcconfig"; sourceTree = "<group>"; };
		E7B3E07E6CD94D2EC7D8D39E /* Pods-MovieViewer.release.xcconfig */ = {isa = PBXFileReference; includeInIndex = 1; lastKnownFileType = text.xcconfig; name = "Pods-MovieViewer.release.xcconfig"; path = "Pods/Target Support Files/Pods-MovieViewer/Pods-MovieViewer.release.xcconfig"; sourceTree = "<group>"; };
/* End PBXFileReference section */

/* Begin PBXFrameworksBuildPhase section */
		4FB6D4FF1DAF486000443C3D /* Frameworks */ = {
			isa = PBXFrameworksBuildPhase;
			buildActionMask = 2147483647;
			files = (
				94678BA84A74D638ED764B7A /* Pods_MovieViewer.framework in Frameworks */,
			);
			runOnlyForDeploymentPostprocessing = 0;
		};
/* End PBXFrameworksBuildPhase section */

/* Begin PBXGroup section */
		1475686A04E39C3771ED22DE /* Frameworks */ = {
			isa = PBXGroup;
			children = (
				21288D04DFEA1CCBBFE7C2E9 /* Pods_MovieViewer.framework */,
			);
			name = Frameworks;
			sourceTree = "<group>";
		};
		4F3B505C1DB53ACF004EF6BB /* Views */ = {
			isa = PBXGroup;
			children = (
				4F3B505D1DB53AEF004EF6BB /* MovieCell.swift */,
			);
			name = Views;
			sourceTree = "<group>";
		};
		4F3B505F1DB53AFA004EF6BB /* View Controllers */ = {
			isa = PBXGroup;
			children = (
				4F3B50581DB51080004EF6BB /* FruitsTableViewController.swift */,
				4F3B505A1DB529E0004EF6BB /* MoviesViewController.swift */,
			);
			name = "View Controllers";
			sourceTree = "<group>";
		};
		4FB6D4F91DAF486000443C3D = {
			isa = PBXGroup;
			children = (
				4FB6D5041DAF486000443C3D /* MovieViewer */,
				4FB6D5031DAF486000443C3D /* Products */,
				F44234D3C4A35D8DE4C25134 /* Pods */,
				1475686A04E39C3771ED22DE /* Frameworks */,
			);
			sourceTree = "<group>";
		};
		4FB6D5031DAF486000443C3D /* Products */ = {
			isa = PBXGroup;
			children = (
				4FB6D5021DAF486000443C3D /* MovieViewer.app */,
			);
			name = Products;
			sourceTree = "<group>";
		};
		4FB6D5041DAF486000443C3D /* MovieViewer */ = {
			isa = PBXGroup;
			children = (
				4F3B505F1DB53AFA004EF6BB /* View Controllers */,
				4F3B505C1DB53ACF004EF6BB /* Views */,
				4FB6D5051DAF486000443C3D /* AppDelegate.swift */,
				4FB6D5091DAF486000443C3D /* Main.storyboard */,
				4FB6D50C1DAF486000443C3D /* Assets.xcassets */,
				4FB6D50E1DAF486000443C3D /* LaunchScreen.storyboard */,
				4FB6D5111DAF486000443C3D /* Info.plist */,
			);
			path = MovieViewer;
			sourceTree = "<group>";
		};
		F44234D3C4A35D8DE4C25134 /* Pods */ = {
			isa = PBXGroup;
			children = (
				B6CC1E63F281B53FCA77EE09 /* Pods-MovieViewer.debug.xcconfig */,
				E7B3E07E6CD94D2EC7D8D39E /* Pods-MovieViewer.release.xcconfig */,
			);
			name = Pods;
			sourceTree = "<group>";
		};
/* End PBXGroup section */

/* Begin PBXNativeTarget section */
		4FB6D5011DAF486000443C3D /* MovieViewer */ = {
			isa = PBXNativeTarget;
			buildConfigurationList = 4FB6D5141DAF486000443C3D /* Build configuration list for PBXNativeTarget "MovieViewer" */;
			buildPhases = (
				DB90643141DAD88A4599AC1E /* [CP] Check Pods Manifest.lock */,
				4FB6D4FE1DAF486000443C3D /* Sources */,
				4FB6D4FF1DAF486000443C3D /* Frameworks */,
				4FB6D5001DAF486000443C3D /* Resources */,
				DC9ECDD3F0CB3806A0C40A83 /* [CP] Embed Pods Frameworks */,
				B235A0A83767C1B70993026A /* [CP] Copy Pods Resources */,
			);
			buildRules = (
			);
			dependencies = (
			);
			name = MovieViewer;
			productName = MovieViewer;
			productReference = 4FB6D5021DAF486000443C3D /* MovieViewer.app */;
			productType = "com.apple.product-type.application";
		};
/* End PBXNativeTarget section */

/* Begin PBXProject section */
		4FB6D4FA1DAF486000443C3D /* Project object */ = {
			isa = PBXProject;
			attributes = {
				LastSwiftUpdateCheck = 0800;
				LastUpgradeCheck = 0800;
				ORGANIZATIONNAME = andyjiang;
				TargetAttributes = {
					4FB6D5011DAF486000443C3D = {
						CreatedOnToolsVersion = 8.0;
						DevelopmentTeam = 7G7F662LS3;
						ProvisioningStyle = Automatic;
					};
				};
			};
			buildConfigurationList = 4FB6D4FD1DAF486000443C3D /* Build configuration list for PBXProject "MovieViewer" */;
			compatibilityVersion = "Xcode 3.2";
			developmentRegion = English;
			hasScannedForEncodings = 0;
			knownRegions = (
				en,
				Base,
			);
			mainGroup = 4FB6D4F91DAF486000443C3D;
			productRefGroup = 4FB6D5031DAF486000443C3D /* Products */;
			projectDirPath = "";
			projectRoot = "";
			targets = (
				4FB6D5011DAF486000443C3D /* MovieViewer */,
			);
		};
/* End PBXProject section */

/* Begin PBXResourcesBuildPhase section */
		4FB6D5001DAF486000443C3D /* Resources */ = {
			isa = PBXResourcesBuildPhase;
			buildActionMask = 2147483647;
			files = (
				4FB6D5101DAF486000443C3D /* LaunchScreen.storyboard in Resources */,
				4FB6D50D1DAF486000443C3D /* Assets.xcassets in Resources */,
				4FB6D50B1DAF486000443C3D /* Main.storyboard in Resources */,
			);
			runOnlyForDeploymentPostprocessing = 0;
		};
/* End PBXResourcesBuildPhase section */

/* Begin PBXShellScriptBuildPhase section */
		B235A0A83767C1B70993026A /* [CP] Copy Pods Resources */ = {
			isa = PBXShellScriptBuildPhase;
			buildActionMask = 2147483647;
			files = (
			);
			inputPaths = (
			);
			name = "[CP] Copy Pods Resources";
			outputPaths = (
			);
			runOnlyForDeploymentPostprocessing = 0;
			shellPath = /bin/sh;
			shellScript = "\"${SRCROOT}/Pods/Target Support Files/Pods-MovieViewer/Pods-MovieViewer-resources.sh\"\n";
			showEnvVarsInLog = 0;
		};
		DB90643141DAD88A4599AC1E /* [CP] Check Pods Manifest.lock */ = {
			isa = PBXShellScriptBuildPhase;
			buildActionMask = 2147483647;
			files = (
			);
			inputPaths = (
			);
			name = "[CP] Check Pods Manifest.lock";
			outputPaths = (
			);
			runOnlyForDeploymentPostprocessing = 0;
			shellPath = /bin/sh;
			shellScript = "diff \"${PODS_ROOT}/../Podfile.lock\" \"${PODS_ROOT}/Manifest.lock\" > /dev/null\nif [ $? != 0 ] ; then\n    # print error to STDERR\n    echo \"error: The sandbox is not in sync with the Podfile.lock. Run 'pod install' or update your CocoaPods installation.\" >&2\n    exit 1\nfi\n";
			showEnvVarsInLog = 0;
		};
		DC9ECDD3F0CB3806A0C40A83 /* [CP] Embed Pods Frameworks */ = {
			isa = PBXShellScriptBuildPhase;
			buildActionMask = 2147483647;
			files = (
			);
			inputPaths = (
			);
			name = "[CP] Embed Pods Frameworks";
			outputPaths = (
			);
			runOnlyForDeploymentPostprocessing = 0;
			shellPath = /bin/sh;
			shellScript = "\"${SRCROOT}/Pods/Target Support Files/Pods-MovieViewer/Pods-MovieViewer-frameworks.sh\"\n";
			showEnvVarsInLog = 0;
		};
/* End PBXShellScriptBuildPhase section */

/* Begin PBXSourcesBuildPhase section */
		4FB6D4FE1DAF486000443C3D /* Sources */ = {
			isa = PBXSourcesBuildPhase;
			buildActionMask = 2147483647;
			files = (
				4F3B50591DB51080004EF6BB /* FruitsTableViewController.swift in Sources */,
				4FB6D5061DAF486000443C3D /* AppDelegate.swift in Sources */,
				4F3B505E1DB53AEF004EF6BB /* MovieCell.swift in Sources */,
				4F3B505B1DB529E0004EF6BB /* MoviesViewController.swift in Sources */,
			);
			runOnlyForDeploymentPostprocessing = 0;
		};
/* End PBXSourcesBuildPhase section */

/* Begin PBXVariantGroup section */
		4FB6D5091DAF486000443C3D /* Main.storyboard */ = {
			isa = PBXVariantGroup;
			children = (
				4FB6D50A1DAF486000443C3D /* Base */,
			);
			name = Main.storyboard;
			sourceTree = "<group>";
		};
		4FB6D50E1DAF486000443C3D /* LaunchScreen.storyboard */ = {
			isa = PBXVariantGroup;
			children = (
				4FB6D50F1DAF486000443C3D /* Base */,
			);
			name = LaunchScreen.storyboard;
			sourceTree = "<group>";
		};
/* End PBXVariantGroup section */

/* Begin XCBuildConfiguration section */
		4FB6D5121DAF486000443C3D /* Debug */ = {
			isa = XCBuildConfiguration;
			buildSettings = {
				ALWAYS_SEARCH_USER_PATHS = NO;
				CLANG_ANALYZER_NONNULL = YES;
				CLANG_CXX_LANGUAGE_STANDARD = "gnu++0x";
				CLANG_CXX_LIBRARY = "libc++";
				CLANG_ENABLE_MODULES = YES;
				CLANG_ENABLE_OBJC_ARC = YES;
				CLANG_WARN_BOOL_CONVERSION = YES;
				CLANG_WARN_CONSTANT_CONVERSION = YES;
				CLANG_WARN_DIRECT_OBJC_ISA_USAGE = YES_ERROR;
				CLANG_WARN_DOCUMENTATION_COMMENTS = YES;
				CLANG_WARN_EMPTY_BODY = YES;
				CLANG_WARN_ENUM_CONVERSION = YES;
				CLANG_WARN_INFINITE_RECURSION = YES;
				CLANG_WARN_INT_CONVERSION = YES;
				CLANG_WARN_OBJC_ROOT_CLASS = YES_ERROR;
				CLANG_WARN_SUSPICIOUS_MOVES = YES;
				CLANG_WARN_UNREACHABLE_CODE = YES;
				CLANG_WARN__DUPLICATE_METHOD_MATCH = YES;
				"CODE_SIGN_IDENTITY[sdk=iphoneos*]" = "iPhone Developer";
				COPY_PHASE_STRIP = NO;
				DEBUG_INFORMATION_FORMAT = dwarf;
				ENABLE_STRICT_OBJC_MSGSEND = YES;
				ENABLE_TESTABILITY = YES;
				GCC_C_LANGUAGE_STANDARD = gnu99;
				GCC_DYNAMIC_NO_PIC = NO;
				GCC_NO_COMMON_BLOCKS = YES;
				GCC_OPTIMIZATION_LEVEL = 0;
				GCC_PREPROCESSOR_DEFINITIONS = (
					"DEBUG=1",
					"$(inherited)",
				);
				GCC_WARN_64_TO_32_BIT_CONVERSION = YES;
				GCC_WARN_ABOUT_RETURN_TYPE = YES_ERROR;
				GCC_WARN_UNDECLARED_SELECTOR = YES;
				GCC_WARN_UNINITIALIZED_AUTOS = YES_AGGRESSIVE;
				GCC_WARN_UNUSED_FUNCTION = YES;
				GCC_WARN_UNUSED_VARIABLE = YES;
				IPHONEOS_DEPLOYMENT_TARGET = 10.0;
				MTL_ENABLE_DEBUG_INFO = YES;
				ONLY_ACTIVE_ARCH = YES;
				SDKROOT = iphoneos;
				SWIFT_ACTIVE_COMPILATION_CONDITIONS = DEBUG;
				SWIFT_OPTIMIZATION_LEVEL = "-Onone";
				TARGETED_DEVICE_FAMILY = "1,2";
			};
			name = Debug;
		};
		4FB6D5131DAF486000443C3D /* Release */ = {
			isa = XCBuildConfiguration;
			buildSettings = {
				ALWAYS_SEARCH_USER_PATHS = NO;
				CLANG_ANALYZER_NONNULL = YES;
				CLANG_CXX_LANGUAGE_STANDARD = "gnu++0x";
				CLANG_CXX_LIBRARY = "libc++";
				CLANG_ENABLE_MODULES = YES;
				CLANG_ENABLE_OBJC_ARC = YES;
				CLANG_WARN_BOOL_CONVERSION = YES;
				CLANG_WARN_CONSTANT_CONVERSION = YES;
				CLANG_WARN_DIRECT_OBJC_ISA_USAGE = YES_ERROR;
				CLANG_WARN_DOCUMENTATION_COMMENTS = YES;
				CLANG_WARN_EMPTY_BODY = YES;
				CLANG_WARN_ENUM_CONVERSION = YES;
				CLANG_WARN_INFINITE_RECURSION = YES;
				CLANG_WARN_INT_CONVERSION = YES;
				CLANG_WARN_OBJC_ROOT_CLASS = YES_ERROR;
				CLANG_WARN_SUSPICIOUS_MOVES = YES;
				CLANG_WARN_UNREACHABLE_CODE = YES;
				CLANG_WARN__DUPLICATE_METHOD_MATCH = YES;
				"CODE_SIGN_IDENTITY[sdk=iphoneos*]" = "iPhone Developer";
				COPY_PHASE_STRIP = NO;
				DEBUG_INFORMATION_FORMAT = "dwarf-with-dsym";
				ENABLE_NS_ASSERTIONS = NO;
				ENABLE_STRICT_OBJC_MSGSEND = YES;
				GCC_C_LANGUAGE_STANDARD = gnu99;
				GCC_NO_COMMON_BLOCKS = YES;
				GCC_WARN_64_TO_32_BIT_CONVERSION = YES;
				GCC_WARN_ABOUT_RETURN_TYPE = YES_ERROR;
				GCC_WARN_UNDECLARED_SELECTOR = YES;
				GCC_WARN_UNINITIALIZED_AUTOS = YES_AGGRESSIVE;
				GCC_WARN_UNUSED_FUNCTION = YES;
				GCC_WARN_UNUSED_VARIABLE = YES;
				IPHONEOS_DEPLOYMENT_TARGET = 10.0;
				MTL_ENABLE_DEBUG_INFO = NO;
				SDKROOT = iphoneos;
				SWIFT_OPTIMIZATION_LEVEL = "-Owholemodule";
				TARGETED_DEVICE_FAMILY = "1,2";
				VALIDATE_PRODUCT = YES;
			};
			name = Release;
		};
		4FB6D5151DAF486000443C3D /* Debug */ = {
			isa = XCBuildConfiguration;
			baseConfigurationReference = B6CC1E63F281B53FCA77EE09 /* Pods-MovieViewer.debug.xcconfig */;
			buildSettings = {
				ASSETCATALOG_COMPILER_APPICON_NAME = AppIcon;
				DEVELOPMENT_TEAM = 7G7F662LS3;
				INFOPLIST_FILE = MovieViewer/Info.plist;
				LD_RUNPATH_SEARCH_PATHS = "$(inherited) @executable_path/Frameworks";
				PRODUCT_BUNDLE_IDENTIFIER = com.example.MovieViewer;
				PRODUCT_NAME = "$(TARGET_NAME)";
				SWIFT_VERSION = 3.0;
			};
			name = Debug;
		};
		4FB6D5161DAF486000443C3D /* Release */ = {
			isa = XCBuildConfiguration;
			baseConfigurationReference = E7B3E07E6CD94D2EC7D8D39E /* Pods-MovieViewer.release.xcconfig */;
			buildSettings = {
				ASSETCATALOG_COMPILER_APPICON_NAME = AppIcon;
				DEVELOPMENT_TEAM = 7G7F662LS3;
				INFOPLIST_FILE = MovieViewer/Info.plist;
				LD_RUNPATH_SEARCH_PATHS = "$(inherited) @executable_path/Frameworks";
				PRODUCT_BUNDLE_IDENTIFIER = com.example.MovieViewer;
				PRODUCT_NAME = "$(TARGET_NAME)";
				SWIFT_VERSION = 3.0;
			};
			name = Release;
		};
/* End XCBuildConfiguration section */

/* Begin XCConfigurationList section */
		4FB6D4FD1DAF486000443C3D /* Build configuration list for PBXProject "MovieViewer" */ = {
			isa = XCConfigurationList;
			buildConfigurations = (
				4FB6D5121DAF486000443C3D /* Debug */,
				4FB6D5131DAF486000443C3D /* Release */,
			);
			defaultConfigurationIsVisible = 0;
			defaultConfigurationName = Release;
		};
		4FB6D5141DAF486000443C3D /* Build configuration list for PBXNativeTarget "MovieViewer" */ = {
			isa = XCConfigurationList;
			buildConfigurations = (
				4FB6D5151DAF486000443C3D /* Debug */,
				4FB6D5161DAF486000443C3D /* Release */,
			);
			defaultConfigurationIsVisible = 0;
			defaultConfigurationName = Release;
		};
/* End XCConfigurationList section */
	};
	rootObject = 4FB6D4FA1DAF486000443C3D /* Project object */;
}
